PODS:
  - disk_space (0.0.1):
    - Flutter
  - Flutter (1.0.0)

DEPENDENCIES:
  - disk_space (from `.symlinks/plugins/disk_space/ios`)
  - Flutter (from `.symlinks/flutter/ios`)

EXTERNAL SOURCES:
  disk_space:
    :path: ".symlinks/plugins/disk_space/ios"
  Flutter:
    :path: ".symlinks/flutter/ios"

SPEC CHECKSUMS:
  disk_space: e94d34bbdf77954adfb39e60bde9cc5c7233eda6
  Flutter: 0e3d915762c693b495b44d77113d4970485de6ec

PODFILE CHECKSUM: b6a0a141693093b304368d08511b46cf3d1d0ac5

COCOAPODS: 1.8.3
