PODS:
  - disk_space (0.0.1):
    - Flutter
  - Flutter (1.0.0)

DEPENDENCIES:
  - disk_space (from `.symlinks/plugins/disk_space/ios`)
  - Flutter (from `Flutter`)

EXTERNAL SOURCES:
  disk_space:
    :path: ".symlinks/plugins/disk_space/ios"
  Flutter:
    :path: Flutter

SPEC CHECKSUMS:
  disk_space: e94d34bbdf77954adfb39e60bde9cc5c7233eda6
  Flutter: 434fef37c0980e73bb6479ef766c45957d4b510c

PODFILE CHECKSUM: aafe91acc616949ddb318b77800a7f51bffa2a4c

COCOAPODS: 1.10.1
